
Microsoft Visual Studio Solution File, Format Version 12.00
# Visual Studio Version 17
VisualStudioVersion = 17.14.36310.24 d17.14
MinimumVisualStudioVersion = 10.0.40219.1
Project("{FAE04EC0-301F-11D3-BF4B-00C04F79EFBC}") = "Sprinto.Server", "Sprinto.Server\Sprinto.Server.csproj", "{B2F43D74-FE53-4213-974C-D5775BDF3D3A}"
EndProject
Global
	GlobalSection(SolutionConfigurationPlatforms) = preSolution
		Debug|Any CPU = Debug|Any CPU
		Release|Any CPU = Release|Any CPU
	EndGlobalSection
	GlobalSection(ProjectConfigurationPlatforms) = postSolution
		{B2F43D74-FE53-4213-974C-D5775BDF3D3A}.Debug|Any CPU.ActiveCfg = Debug|Any CPU
		{B2F43D74-FE53-4213-974C-D5775BDF3D3A}.Debug|Any CPU.Build.0 = Debug|Any CPU
		{B2F43D74-FE53-4213-974C-D5775BDF3D3A}.Release|Any CPU.ActiveCfg = Release|Any CPU
		{B2F43D74-FE53-4213-974C-D5775BDF3D3A}.Release|Any CPU.Build.0 = Release|Any CPU
	EndGlobalSection
	GlobalSection(SolutionProperties) = preSolution
		HideSolutionNode = FALSE
	EndGlobalSection
	GlobalSection(ExtensibilityGlobals) = postSolution
		SolutionGuid = {54A9029C-8DD3-46E6-A0AC-8381800B69FF}
	EndGlobalSection
EndGlobal
